
Microsoft Visual Studio Solution File, Format Version 12.00
# Visual Studio 15
VisualStudioVersion = 15.0.26124.0
MinimumVisualStudioVersion = 15.0.26124.0
Project("{FAE04EC0-301F-11D3-BF4B-00C04F79EFBC}") = "Poker.Lib", "Poker.Lib\Poker.Lib.csproj", "{F93F6896-EB82-45B5-A24E-976CE0D42508}"
EndProject
Project("{FAE04EC0-301F-11D3-BF4B-00C04F79EFBC}") = "Poker.Lib.UnitTest", "Poker.Lib.UnitTest\Poker.Lib.UnitTest.csproj", "{290E13BA-5668-4F63-BC37-1D6E3C76615B}"
EndProject
Global
	GlobalSection(SolutionConfigurationPlatforms) = preSolution
		Debug|Any CPU = Debug|Any CPU
		Debug|x64 = Debug|x64
		Debug|x86 = Debug|x86
		Release|Any CPU = Release|Any CPU
		Release|x64 = Release|x64
		Release|x86 = Release|x86
	EndGlobalSection
	GlobalSection(SolutionProperties) = preSolution
		HideSolutionNode = FALSE
	EndGlobalSection
	GlobalSection(ProjectConfigurationPlatforms) = postSolution
		{F93F6896-EB82-45B5-A24E-976CE0D42508}.Debug|Any CPU.ActiveCfg = Debug|Any CPU
		{F93F6896-EB82-45B5-A24E-976CE0D42508}.Debug|Any CPU.Build.0 = Debug|Any CPU
		{F93F6896-EB82-45B5-A24E-976CE0D42508}.Debug|x64.ActiveCfg = Debug|Any CPU
		{F93F6896-EB82-45B5-A24E-976CE0D42508}.Debug|x64.Build.0 = Debug|Any CPU
		{F93F6896-EB82-45B5-A24E-976CE0D42508}.Debug|x86.ActiveCfg = Debug|Any CPU
		{F93F6896-EB82-45B5-A24E-976CE0D42508}.Debug|x86.Build.0 = Debug|Any CPU
		{F93F6896-EB82-45B5-A24E-976CE0D42508}.Release|Any CPU.ActiveCfg = Release|Any CPU
		{F93F6896-EB82-45B5-A24E-976CE0D42508}.Release|Any CPU.Build.0 = Release|Any CPU
		{F93F6896-EB82-45B5-A24E-976CE0D42508}.Release|x64.ActiveCfg = Release|Any CPU
		{F93F6896-EB82-45B5-A24E-976CE0D42508}.Release|x64.Build.0 = Release|Any CPU
		{F93F6896-EB82-45B5-A24E-976CE0D42508}.Release|x86.ActiveCfg = Release|Any CPU
		{F93F6896-EB82-45B5-A24E-976CE0D42508}.Release|x86.Build.0 = Release|Any CPU
		{290E13BA-5668-4F63-BC37-1D6E3C76615B}.Debug|Any CPU.ActiveCfg = Debug|Any CPU
		{290E13BA-5668-4F63-BC37-1D6E3C76615B}.Debug|Any CPU.Build.0 = Debug|Any CPU
		{290E13BA-5668-4F63-BC37-1D6E3C76615B}.Debug|x64.ActiveCfg = Debug|Any CPU
		{290E13BA-5668-4F63-BC37-1D6E3C76615B}.Debug|x64.Build.0 = Debug|Any CPU
		{290E13BA-5668-4F63-BC37-1D6E3C76615B}.Debug|x86.ActiveCfg = Debug|Any CPU
		{290E13BA-5668-4F63-BC37-1D6E3C76615B}.Debug|x86.Build.0 = Debug|Any CPU
		{290E13BA-5668-4F63-BC37-1D6E3C76615B}.Release|Any CPU.ActiveCfg = Release|Any CPU
		{290E13BA-5668-4F63-BC37-1D6E3C76615B}.Release|Any CPU.Build.0 = Release|Any CPU
		{290E13BA-5668-4F63-BC37-1D6E3C76615B}.Release|x64.ActiveCfg = Release|Any CPU
		{290E13BA-5668-4F63-BC37-1D6E3C76615B}.Release|x64.Build.0 = Release|Any CPU
		{290E13BA-5668-4F63-BC37-1D6E3C76615B}.Release|x86.ActiveCfg = Release|Any CPU
		{290E13BA-5668-4F63-BC37-1D6E3C76615B}.Release|x86.Build.0 = Release|Any CPU
	EndGlobalSection
EndGlobal
